// !$*UTF8*$!
{
	archiveVersion = 1;
	classes = {
	};
	objectVersion = 50;
	objects = {

/* Begin PBXBuildFile section */
		074609452594E7E200988D18 /* WorkoutsDetailsViewController.swift in Sources */ = {isa = PBXBuildFile; fileRef = 074609442594E7E200988D18 /* WorkoutsDetailsViewController.swift */; };
		D3BF735724A8FA0600DC6896 /* AppDelegate.swift in Sources */ = {isa = PBXBuildFile; fileRef = D3BF735624A8FA0600DC6896 /* AppDelegate.swift */; };
		D3BF735924A8FA0600DC6896 /* SceneDelegate.swift in Sources */ = {isa = PBXBuildFile; fileRef = D3BF735824A8FA0600DC6896 /* SceneDelegate.swift */; };
		D3BF735B24A8FA0600DC6896 /* ViewController.swift in Sources */ = {isa = PBXBuildFile; fileRef = D3BF735A24A8FA0600DC6896 /* ViewController.swift */; };
		D3BF735E24A8FA0600DC6896 /* Main.storyboard in Resources */ = {isa = PBXBuildFile; fileRef = D3BF735C24A8FA0600DC6896 /* Main.storyboard */; };
		D3BF736024A8FA0B00DC6896 /* Assets.xcassets in Resources */ = {isa = PBXBuildFile; fileRef = D3BF735F24A8FA0B00DC6896 /* Assets.xcassets */; };
		D3BF736324A8FA0B00DC6896 /* LaunchScreen.storyboard in Resources */ = {isa = PBXBuildFile; fileRef = D3BF736124A8FA0B00DC6896 /* LaunchScreen.storyboard */; };
		D3BF736B24A906F800DC6896 /* WorkoutsViewController.swift in Sources */ = {isa = PBXBuildFile; fileRef = D3BF736A24A906F800DC6896 /* WorkoutsViewController.swift */; };
		D3BF736D24A9326E00DC6896 /* Workust.swift in Sources */ = {isa = PBXBuildFile; fileRef = D3BF736C24A9326E00DC6896 /* Workust.swift */; };
		D3BF736F24A932C700DC6896 /* CreateWorkoutViewController.swift in Sources */ = {isa = PBXBuildFile; fileRef = D3BF736E24A932C700DC6896 /* CreateWorkoutViewController.swift */; };
		D3BF737124A9464000DC6896 /* WorkoutCell.swift in Sources */ = {isa = PBXBuildFile; fileRef = D3BF737024A9464000DC6896 /* WorkoutCell.swift */; };
/* End PBXBuildFile section */

/* Begin PBXFileReference section */
		074609442594E7E200988D18 /* WorkoutsDetailsViewController.swift */ = {isa = PBXFileReference; lastKnownFileType = sourcecode.swift; path = WorkoutsDetailsViewController.swift; sourceTree = "<group>"; };
		07E1482325AF4E62008C137F /* FitManagement_Carlos.entitlements */ = {isa = PBXFileReference; lastKnownFileType = text.plist.entitlements; path = FitManagement_Carlos.entitlements; sourceTree = "<group>"; };
		D3BF735324A8FA0600DC6896 /* FitManagement_Carlos.app */ = {isa = PBXFileReference; explicitFileType = wrapper.application; includeInIndex = 0; path = FitManagement_Carlos.app; sourceTree = BUILT_PRODUCTS_DIR; };
		D3BF735624A8FA0600DC6896 /* AppDelegate.swift */ = {isa = PBXFileReference; lastKnownFileType = sourcecode.swift; path = AppDelegate.swift; sourceTree = "<group>"; };
		D3BF735824A8FA0600DC6896 /* SceneDelegate.swift */ = {isa = PBXFileReference; lastKnownFileType = sourcecode.swift; path = SceneDelegate.swift; sourceTree = "<group>"; };
		D3BF735A24A8FA0600DC6896 /* ViewController.swift */ = {isa = PBXFileReference; lastKnownFileType = sourcecode.swift; path = ViewController.swift; sourceTree = "<group>"; };
		D3BF735D24A8FA0600DC6896 /* Base */ = {isa = PBXFileReference; lastKnownFileType = file.storyboard; name = Base; path = Base.lproj/Main.storyboard; sourceTree = "<group>"; };
		D3BF735F24A8FA0B00DC6896 /* Assets.xcassets */ = {isa = PBXFileReference; lastKnownFileType = folder.assetcatalog; path = Assets.xcassets; sourceTree = "<group>"; };
		D3BF736224A8FA0B00DC6896 /* Base */ = {isa = PBXFileReference; lastKnownFileType = file.storyboard; name = Base; path = Base.lproj/LaunchScreen.storyboard; sourceTree = "<group>"; };
		D3BF736424A8FA0B00DC6896 /* Info.plist */ = {isa = PBXFileReference; lastKnownFileType = text.plist.xml; path = Info.plist; sourceTree = "<group>"; };
		D3BF736A24A906F800DC6896 /* WorkoutsViewController.swift */ = {isa = PBXFileReference; lastKnownFileType = sourcecode.swift; path = WorkoutsViewController.swift; sourceTree = "<group>"; };
		D3BF736C24A9326E00DC6896 /* Workust.swift */ = {isa = PBXFileReference; lastKnownFileType = sourcecode.swift; path = Workust.swift; sourceTree = "<group>"; };
		D3BF736E24A932C700DC6896 /* CreateWorkoutViewController.swift */ = {isa = PBXFileReference; lastKnownFileType = sourcecode.swift; path = CreateWorkoutViewController.swift; sourceTree = "<group>"; };
		D3BF737024A9464000DC6896 /* WorkoutCell.swift */ = {isa = PBXFileReference; lastKnownFileType = sourcecode.swift; path = WorkoutCell.swift; sourceTree = "<group>"; };
/* End PBXFileReference section */

/* Begin PBXFrameworksBuildPhase section */
		D3BF735024A8FA0600DC6896 /* Frameworks */ = {
			isa = PBXFrameworksBuildPhase;
			buildActionMask = 2147483647;
			files = (
			);
			runOnlyForDeploymentPostprocessing = 0;
		};
/* End PBXFrameworksBuildPhase section */

/* Begin PBXGroup section */
		D3BF734A24A8FA0600DC6896 = {
			isa = PBXGroup;
			children = (
				D3BF735524A8FA0600DC6896 /* FitManagement_Carlos */,
				D3BF735424A8FA0600DC6896 /* Products */,
			);
			sourceTree = "<group>";
		};
		D3BF735424A8FA0600DC6896 /* Products */ = {
			isa = PBXGroup;
			children = (
				D3BF735324A8FA0600DC6896 /* FitManagement_Carlos.app */,
			);
			name = Products;
			sourceTree = "<group>";
		};
		D3BF735524A8FA0600DC6896 /* FitManagement_Carlos */ = {
			isa = PBXGroup;
			children = (
				07E1482325AF4E62008C137F /* FitManagement_Carlos.entitlements */,
				D3BF737024A9464000DC6896 /* WorkoutCell.swift */,
				D3BF735624A8FA0600DC6896 /* AppDelegate.swift */,
				D3BF735824A8FA0600DC6896 /* SceneDelegate.swift */,
				D3BF735A24A8FA0600DC6896 /* ViewController.swift */,
				D3BF736A24A906F800DC6896 /* WorkoutsViewController.swift */,
				D3BF736C24A9326E00DC6896 /* Workust.swift */,
				D3BF736E24A932C700DC6896 /* CreateWorkoutViewController.swift */,
				074609442594E7E200988D18 /* WorkoutsDetailsViewController.swift */,
				D3BF735C24A8FA0600DC6896 /* Main.storyboard */,
				D3BF735F24A8FA0B00DC6896 /* Assets.xcassets */,
				D3BF736124A8FA0B00DC6896 /* LaunchScreen.storyboard */,
				D3BF736424A8FA0B00DC6896 /* Info.plist */,
			);
			path = FitManagement_Carlos;
			sourceTree = "<group>";
		};
/* End PBXGroup section */

/* Begin PBXNativeTarget section */
		D3BF735224A8FA0600DC6896 /* FitManagement_Carlos */ = {
			isa = PBXNativeTarget;
			buildConfigurationList = D3BF736724A8FA0B00DC6896 /* Build configuration list for PBXNativeTarget "FitManagement_Carlos" */;
			buildPhases = (
				D3BF734F24A8FA0600DC6896 /* Sources */,
				D3BF735024A8FA0600DC6896 /* Frameworks */,
				D3BF735124A8FA0600DC6896 /* Resources */,
			);
			buildRules = (
			);
			dependencies = (
			);
			name = FitManagement_Carlos;
			productName = FitManagement_Carlos;
			productReference = D3BF735324A8FA0600DC6896 /* FitManagement_Carlos.app */;
			productType = "com.apple.product-type.application";
		};
/* End PBXNativeTarget section */

/* Begin PBXProject section */
		D3BF734B24A8FA0600DC6896 /* Project object */ = {
			isa = PBXProject;
			attributes = {
				LastSwiftUpdateCheck = 1110;
				LastUpgradeCheck = 1110;
				ORGANIZATIONNAME = UPV;
				TargetAttributes = {
					D3BF735224A8FA0600DC6896 = {
						CreatedOnToolsVersion = 11.1;
					};
				};
			};
			buildConfigurationList = D3BF734E24A8FA0600DC6896 /* Build configuration list for PBXProject "FitManagement_Carlos" */;
			compatibilityVersion = "Xcode 9.3";
			developmentRegion = en;
			hasScannedForEncodings = 0;
			knownRegions = (
				en,
				Base,
			);
			mainGroup = D3BF734A24A8FA0600DC6896;
			productRefGroup = D3BF735424A8FA0600DC6896 /* Products */;
			projectDirPath = "";
			projectRoot = "";
			targets = (
				D3BF735224A8FA0600DC6896 /* FitManagement_Carlos */,
			);
		};
/* End PBXProject section */

/* Begin PBXResourcesBuildPhase section */
		D3BF735124A8FA0600DC6896 /* Resources */ = {
			isa = PBXResourcesBuildPhase;
			buildActionMask = 2147483647;
			files = (
				D3BF736324A8FA0B00DC6896 /* LaunchScreen.storyboard in Resources */,
				D3BF736024A8FA0B00DC6896 /* Assets.xcassets in Resources */,
				D3BF735E24A8FA0600DC6896 /* Main.storyboard in Resources */,
			);
			runOnlyForDeploymentPostprocessing = 0;
		};
/* End PBXResourcesBuildPhase section */

/* Begin PBXSourcesBuildPhase section */
		D3BF734F24A8FA0600DC6896 /* Sources */ = {
			isa = PBXSourcesBuildPhase;
			buildActionMask = 2147483647;
			files = (
				D3BF736B24A906F800DC6896 /* WorkoutsViewController.swift in Sources */,
				074609452594E7E200988D18 /* WorkoutsDetailsViewController.swift in Sources */,
				D3BF737124A9464000DC6896 /* WorkoutCell.swift in Sources */,
				D3BF735B24A8FA0600DC6896 /* ViewController.swift in Sources */,
				D3BF735724A8FA0600DC6896 /* AppDelegate.swift in Sources */,
				D3BF735924A8FA0600DC6896 /* SceneDelegate.swift in Sources */,
				D3BF736F24A932C700DC6896 /* CreateWorkoutViewController.swift in Sources */,
				D3BF736D24A9326E00DC6896 /* Workust.swift in Sources */,
			);
			runOnlyForDeploymentPostprocessing = 0;
		};
/* End PBXSourcesBuildPhase section */

/* Begin PBXVariantGroup section */
		D3BF735C24A8FA0600DC6896 /* Main.storyboard */ = {
			isa = PBXVariantGroup;
			children = (
				D3BF735D24A8FA0600DC6896 /* Base */,
			);
			name = Main.storyboard;
			sourceTree = "<group>";
		};
		D3BF736124A8FA0B00DC6896 /* LaunchScreen.storyboard */ = {
			isa = PBXVariantGroup;
			children = (
				D3BF736224A8FA0B00DC6896 /* Base */,
			);
			name = LaunchScreen.storyboard;
			sourceTree = "<group>";
		};
/* End PBXVariantGroup section */

/* Begin XCBuildConfiguration section */
		D3BF736524A8FA0B00DC6896 /* Debug */ = {
			isa = XCBuildConfiguration;
			buildSettings = {
				ALWAYS_SEARCH_USER_PATHS = NO;
				CLANG_ANALYZER_NONNULL = YES;
				CLANG_ANALYZER_NUMBER_OBJECT_CONVERSION = YES_AGGRESSIVE;
				CLANG_CXX_LANGUAGE_STANDARD = "gnu++14";
				CLANG_CXX_LIBRARY = "libc++";
				CLANG_ENABLE_MODULES = YES;
				CLANG_ENABLE_OBJC_ARC = YES;
				CLANG_ENABLE_OBJC_WEAK = YES;
				CLANG_WARN_BLOCK_CAPTURE_AUTORELEASING = YES;
				CLANG_WARN_BOOL_CONVERSION = YES;
				CLANG_WARN_COMMA = YES;
				CLANG_WARN_CONSTANT_CONVERSION = YES;
				CLANG_WARN_DEPRECATED_OBJC_IMPLEMENTATIONS = YES;
				CLANG_WARN_DIRECT_OBJC_ISA_USAGE = YES_ERROR;
				CLANG_WARN_DOCUMENTATION_COMMENTS = YES;
				CLANG_WARN_EMPTY_BODY = YES;
				CLANG_WARN_ENUM_CONVERSION = YES;
				CLANG_WARN_INFINITE_RECURSION = YES;
				CLANG_WARN_INT_CONVERSION = YES;
				CLANG_WARN_NON_LITERAL_NULL_CONVERSION = YES;
				CLANG_WARN_OBJC_IMPLICIT_RETAIN_SELF = YES;
				CLANG_WARN_OBJC_LITERAL_CONVERSION = YES;
				CLANG_WARN_OBJC_ROOT_CLASS = YES_ERROR;
				CLANG_WARN_RANGE_LOOP_ANALYSIS = YES;
				CLANG_WARN_STRICT_PROTOTYPES = YES;
				CLANG_WARN_SUSPICIOUS_MOVE = YES;
				CLANG_WARN_UNGUARDED_AVAILABILITY = YES_AGGRESSIVE;
				CLANG_WARN_UNREACHABLE_CODE = YES;
				CLANG_WARN__DUPLICATE_METHOD_MATCH = YES;
				COPY_PHASE_STRIP = NO;
				DEBUG_INFORMATION_FORMAT = dwarf;
				ENABLE_STRICT_OBJC_MSGSEND = YES;
				ENABLE_TESTABILITY = YES;
				GCC_C_LANGUAGE_STANDARD = gnu11;
				GCC_DYNAMIC_NO_PIC = NO;
				GCC_NO_COMMON_BLOCKS = YES;
				GCC_OPTIMIZATION_LEVEL = 0;
				GCC_PREPROCESSOR_DEFINITIONS = (
					"DEBUG=1",
					"$(inherited)",
				);
				GCC_WARN_64_TO_32_BIT_CONVERSION = YES;
				GCC_WARN_ABOUT_RETURN_TYPE = YES_ERROR;
				GCC_WARN_UNDECLARED_SELECTOR = YES;
				GCC_WARN_UNINITIALIZED_AUTOS = YES_AGGRESSIVE;
				GCC_WARN_UNUSED_FUNCTION = YES;
				GCC_WARN_UNUSED_VARIABLE = YES;
				IPHONEOS_DEPLOYMENT_TARGET = 13.1;
				MTL_ENABLE_DEBUG_INFO = INCLUDE_SOURCE;
				MTL_FAST_MATH = YES;
				ONLY_ACTIVE_ARCH = YES;
				SDKROOT = iphoneos;
				SWIFT_ACTIVE_COMPILATION_CONDITIONS = DEBUG;
				SWIFT_OPTIMIZATION_LEVEL = "-Onone";
			};
			name = Debug;
		};
		D3BF736624A8FA0B00DC6896 /* Release */ = {
			isa = XCBuildConfiguration;
			buildSettings = {
				ALWAYS_SEARCH_USER_PATHS = NO;
				CLANG_ANALYZER_NONNULL = YES;
				CLANG_ANALYZER_NUMBER_OBJECT_CONVERSION = YES_AGGRESSIVE;
				CLANG_CXX_LANGUAGE_STANDARD = "gnu++14";
				CLANG_CXX_LIBRARY = "libc++";
				CLANG_ENABLE_MODULES = YES;
				CLANG_ENABLE_OBJC_ARC = YES;
				CLANG_ENABLE_OBJC_WEAK = YES;
				CLANG_WARN_BLOCK_CAPTURE_AUTORELEASING = YES;
				CLANG_WARN_BOOL_CONVERSION = YES;
				CLANG_WARN_COMMA = YES;
				CLANG_WARN_CONSTANT_CONVERSION = YES;
				CLANG_WARN_DEPRECATED_OBJC_IMPLEMENTATIONS = YES;
				CLANG_WARN_DIRECT_OBJC_ISA_USAGE = YES_ERROR;
				CLANG_WARN_DOCUMENTATION_COMMENTS = YES;
				CLANG_WARN_EMPTY_BODY = YES;
				CLANG_WARN_ENUM_CONVERSION = YES;
				CLANG_WARN_INFINITE_RECURSION = YES;
				CLANG_WARN_INT_CONVERSION = YES;
				CLANG_WARN_NON_LITERAL_NULL_CONVERSION = YES;
				CLANG_WARN_OBJC_IMPLICIT_RETAIN_SELF = YES;
				CLANG_WARN_OBJC_LITERAL_CONVERSION = YES;
				CLANG_WARN_OBJC_ROOT_CLASS = YES_ERROR;
				CLANG_WARN_RANGE_LOOP_ANALYSIS = YES;
				CLANG_WARN_STRICT_PROTOTYPES = YES;
				CLANG_WARN_SUSPICIOUS_MOVE = YES;
				CLANG_WARN_UNGUARDED_AVAILABILITY = YES_AGGRESSIVE;
				CLANG_WARN_UNREACHABLE_CODE = YES;
				CLANG_WARN__DUPLICATE_METHOD_MATCH = YES;
				COPY_PHASE_STRIP = NO;
				DEBUG_INFORMATION_FORMAT = "dwarf-with-dsym";
				ENABLE_NS_ASSERTIONS = NO;
				ENABLE_STRICT_OBJC_MSGSEND = YES;
				GCC_C_LANGUAGE_STANDARD = gnu11;
				GCC_NO_COMMON_BLOCKS = YES;
				GCC_WARN_64_TO_32_BIT_CONVERSION = YES;
				GCC_WARN_ABOUT_RETURN_TYPE = YES_ERROR;
				GCC_WARN_UNDECLARED_SELECTOR = YES;
				GCC_WARN_UNINITIALIZED_AUTOS = YES_AGGRESSIVE;
				GCC_WARN_UNUSED_FUNCTION = YES;
				GCC_WARN_UNUSED_VARIABLE = YES;
				IPHONEOS_DEPLOYMENT_TARGET = 13.1;
				MTL_ENABLE_DEBUG_INFO = NO;
				MTL_FAST_MATH = YES;
				SDKROOT = iphoneos;
				SWIFT_COMPILATION_MODE = wholemodule;
				SWIFT_OPTIMIZATION_LEVEL = "-O";
				VALIDATE_PRODUCT = YES;
			};
			name = Release;
		};
		D3BF736824A8FA0B00DC6896 /* Debug */ = {
			isa = XCBuildConfiguration;
			buildSettings = {
				ASSETCATALOG_COMPILER_APPICON_NAME = AppIcon;
				CODE_SIGN_ENTITLEMENTS = FitManagement_Carlos/FitManagement_Carlos.entitlements;
				CODE_SIGN_STYLE = Automatic;
				INFOPLIST_FILE = FitManagement_Carlos/Info.plist;
				LD_RUNPATH_SEARCH_PATHS = (
					"$(inherited)",
					"@executable_path/Frameworks",
				);
				PRODUCT_BUNDLE_IDENTIFIER = "es.upv.epsa.FitManagement-Carlos";
				PRODUCT_NAME = "$(TARGET_NAME)";
				SUPPORTS_MACCATALYST = NO;
				SWIFT_VERSION = 5.0;
				TARGETED_DEVICE_FAMILY = "1,2";
			};
			name = Debug;
		};
		D3BF736924A8FA0B00DC6896 /* Release */ = {
			isa = XCBuildConfiguration;
			buildSettings = {
				ASSETCATALOG_COMPILER_APPICON_NAME = AppIcon;
				CODE_SIGN_ENTITLEMENTS = FitManagement_Carlos/FitManagement_Carlos.entitlements;
				CODE_SIGN_STYLE = Automatic;
				INFOPLIST_FILE = FitManagement_Carlos/Info.plist;
				LD_RUNPATH_SEARCH_PATHS = (
					"$(inherited)",
					"@executable_path/Frameworks",
				);
				PRODUCT_BUNDLE_IDENTIFIER = "es.upv.epsa.FitManagement-Carlos";
				PRODUCT_NAME = "$(TARGET_NAME)";
				SUPPORTS_MACCATALYST = NO;
				SWIFT_VERSION = 5.0;
				TARGETED_DEVICE_FAMILY = "1,2";
			};
			name = Release;
		};
/* End XCBuildConfiguration section */

/* Begin XCConfigurationList section */
		D3BF734E24A8FA0600DC6896 /* Build configuration list for PBXProject "FitManagement_Carlos" */ = {
			isa = XCConfigurationList;
			buildConfigurations = (
				D3BF736524A8FA0B00DC6896 /* Debug */,
				D3BF736624A8FA0B00DC6896 /* Release */,
			);
			defaultConfigurationIsVisible = 0;
			defaultConfigurationName = Release;
		};
		D3BF736724A8FA0B00DC6896 /* Build configuration list for PBXNativeTarget "FitManagement_Carlos" */ = {
			isa = XCConfigurationList;
			buildConfigurations = (
				D3BF736824A8FA0B00DC6896 /* Debug */,
				D3BF736924A8FA0B00DC6896 /* Release */,
			);
			defaultConfigurationIsVisible = 0;
			defaultConfigurationName = Release;
		};
/* End XCConfigurationList section */
	};
	rootObject = D3BF734B24A8FA0600DC6896 /* Project object */;
}
